// !$*UTF8*$!
{
	archiveVersion = 1;
	classes = {
	};
	objectVersion = 56;
	objects = {

/* Begin PBXBuildFile section */
		48AABD9D320035BE4589A75E /* Pods_PlaySync.framework in Frameworks */ = {isa = PBXBuildFile; fileRef = 161752EE597EE97850F8C834 /* Pods_PlaySync.framework */; };
		940E4E042C827ACD00500ED1 /* PlaySyncApp.swift in Sources */ = {isa = PBXBuildFile; fileRef = 940E4E032C827ACD00500ED1 /* PlaySyncApp.swift */; };
		940E4E062C827ACD00500ED1 /* ContentBrowser.swift in Sources */ = {isa = PBXBuildFile; fileRef = 940E4E052C827ACD00500ED1 /* ContentBrowser.swift */; };
		940E4E082C827AD000500ED1 /* Assets.xcassets in Resources */ = {isa = PBXBuildFile; fileRef = 940E4E072C827AD000500ED1 /* Assets.xcassets */; };
		940E4E0B2C827AD000500ED1 /* Preview Assets.xcassets in Resources */ = {isa = PBXBuildFile; fileRef = 940E4E0A2C827AD000500ED1 /* Preview Assets.xcassets */; };
		940E4E2E2C827E8900500ED1 /* HeroHeaderView.swift in Sources */ = {isa = PBXBuildFile; fileRef = 940E4E2D2C827E8900500ED1 /* HeroHeaderView.swift */; };
		940E4E322C827F0500500ED1 /* Asset.swift in Sources */ = {isa = PBXBuildFile; fileRef = 940E4E312C827F0500500ED1 /* Asset.swift */; };
		940E4E342C8282C400500ED1 /* APIManager.swift in Sources */ = {isa = PBXBuildFile; fileRef = 940E4E332C8282C400500ED1 /* APIManager.swift */; };
		940E4E362C82978300500ED1 /* PlayerView.swift in Sources */ = {isa = PBXBuildFile; fileRef = 940E4E352C82978300500ED1 /* PlayerView.swift */; };
		940E4E382C83986F00500ED1 /* ThumbnailGenerator.swift in Sources */ = {isa = PBXBuildFile; fileRef = 940E4E372C83986F00500ED1 /* ThumbnailGenerator.swift */; };
/* End PBXBuildFile section */

/* Begin PBXFileReference section */
		161752EE597EE97850F8C834 /* Pods_PlaySync.framework */ = {isa = PBXFileReference; explicitFileType = wrapper.framework; includeInIndex = 0; path = Pods_PlaySync.framework; sourceTree = BUILT_PRODUCTS_DIR; };
		39CF85B5AB89187B680C45EA /* Pods-PlaySyncTests.release.xcconfig */ = {isa = PBXFileReference; includeInIndex = 1; lastKnownFileType = text.xcconfig; name = "Pods-PlaySyncTests.release.xcconfig"; path = "Target Support Files/Pods-PlaySyncTests/Pods-PlaySyncTests.release.xcconfig"; sourceTree = "<group>"; };
		6EA590A1E8F9572C8C4F3F5A /* Pods-PlaySync.release.xcconfig */ = {isa = PBXFileReference; includeInIndex = 1; lastKnownFileType = text.xcconfig; name = "Pods-PlaySync.release.xcconfig"; path = "Target Support Files/Pods-PlaySync/Pods-PlaySync.release.xcconfig"; sourceTree = "<group>"; };
		7BDF25750A2290763D581A96 /* Pods-PlaySync-PlaySyncUITests.release.xcconfig */ = {isa = PBXFileReference; includeInIndex = 1; lastKnownFileType = text.xcconfig; name = "Pods-PlaySync-PlaySyncUITests.release.xcconfig"; path = "Target Support Files/Pods-PlaySync-PlaySyncUITests/Pods-PlaySync-PlaySyncUITests.release.xcconfig"; sourceTree = "<group>"; };
		8953754CCDEFD52E86EC2005 /* Pods_PlaySyncTests.framework */ = {isa = PBXFileReference; explicitFileType = wrapper.framework; includeInIndex = 0; path = Pods_PlaySyncTests.framework; sourceTree = BUILT_PRODUCTS_DIR; };
		940E4E002C827ACD00500ED1 /* PlaySync.app */ = {isa = PBXFileReference; explicitFileType = wrapper.application; includeInIndex = 0; path = PlaySync.app; sourceTree = BUILT_PRODUCTS_DIR; };
		940E4E032C827ACD00500ED1 /* PlaySyncApp.swift */ = {isa = PBXFileReference; lastKnownFileType = sourcecode.swift; path = PlaySyncApp.swift; sourceTree = "<group>"; };
		940E4E052C827ACD00500ED1 /* ContentBrowser.swift */ = {isa = PBXFileReference; lastKnownFileType = sourcecode.swift; path = ContentBrowser.swift; sourceTree = "<group>"; };
		940E4E072C827AD000500ED1 /* Assets.xcassets */ = {isa = PBXFileReference; lastKnownFileType = folder.assetcatalog; path = Assets.xcassets; sourceTree = "<group>"; };
		940E4E0A2C827AD000500ED1 /* Preview Assets.xcassets */ = {isa = PBXFileReference; lastKnownFileType = folder.assetcatalog; path = "Preview Assets.xcassets"; sourceTree = "<group>"; };
		940E4E2D2C827E8900500ED1 /* HeroHeaderView.swift */ = {isa = PBXFileReference; fileEncoding = 4; lastKnownFileType = sourcecode.swift; path = HeroHeaderView.swift; sourceTree = "<group>"; };
		940E4E312C827F0500500ED1 /* Asset.swift */ = {isa = PBXFileReference; fileEncoding = 4; lastKnownFileType = sourcecode.swift; path = Asset.swift; sourceTree = "<group>"; };
		940E4E332C8282C400500ED1 /* APIManager.swift */ = {isa = PBXFileReference; lastKnownFileType = sourcecode.swift; path = APIManager.swift; sourceTree = "<group>"; };
		940E4E352C82978300500ED1 /* PlayerView.swift */ = {isa = PBXFileReference; lastKnownFileType = sourcecode.swift; path = PlayerView.swift; sourceTree = "<group>"; };
		940E4E372C83986F00500ED1 /* ThumbnailGenerator.swift */ = {isa = PBXFileReference; fileEncoding = 4; lastKnownFileType = sourcecode.swift; path = ThumbnailGenerator.swift; sourceTree = "<group>"; };
		AA6024D5DA29F97DBDA4E8B6 /* Pods-PlaySync.debug.xcconfig */ = {isa = PBXFileReference; includeInIndex = 1; lastKnownFileType = text.xcconfig; name = "Pods-PlaySync.debug.xcconfig"; path = "Target Support Files/Pods-PlaySync/Pods-PlaySync.debug.xcconfig"; sourceTree = "<group>"; };
		CE3DADCCC46DBD7F7BA38AF6 /* Pods-PlaySyncTests.debug.xcconfig */ = {isa = PBXFileReference; includeInIndex = 1; lastKnownFileType = text.xcconfig; name = "Pods-PlaySyncTests.debug.xcconfig"; path = "Target Support Files/Pods-PlaySyncTests/Pods-PlaySyncTests.debug.xcconfig"; sourceTree = "<group>"; };
		DC31BCFECA3EE6747AB32542 /* Pods_PlaySync_PlaySyncUITests.framework */ = {isa = PBXFileReference; explicitFileType = wrapper.framework; includeInIndex = 0; path = Pods_PlaySync_PlaySyncUITests.framework; sourceTree = BUILT_PRODUCTS_DIR; };
		FBE8D23DBC40DD886EB5CA64 /* Pods-PlaySync-PlaySyncUITests.debug.xcconfig */ = {isa = PBXFileReference; includeInIndex = 1; lastKnownFileType = text.xcconfig; name = "Pods-PlaySync-PlaySyncUITests.debug.xcconfig"; path = "Target Support Files/Pods-PlaySync-PlaySyncUITests/Pods-PlaySync-PlaySyncUITests.debug.xcconfig"; sourceTree = "<group>"; };
/* End PBXFileReference section */

/* Begin PBXFrameworksBuildPhase section */
		940E4DFD2C827ACD00500ED1 /* Frameworks */ = {
			isa = PBXFrameworksBuildPhase;
			buildActionMask = 2147483647;
			files = (
				48AABD9D320035BE4589A75E /* Pods_PlaySync.framework in Frameworks */,
			);
			runOnlyForDeploymentPostprocessing = 0;
		};
/* End PBXFrameworksBuildPhase section */

/* Begin PBXGroup section */
		940E4DF72C827ACD00500ED1 = {
			isa = PBXGroup;
			children = (
				940E4E022C827ACD00500ED1 /* PlaySync */,
				940E4E012C827ACD00500ED1 /* Products */,
				B0B17A3D222738CED9BA7762 /* Pods */,
				CAFEDE1BF14D6AC3C532C560 /* Frameworks */,
			);
			sourceTree = "<group>";
		};
		940E4E012C827ACD00500ED1 /* Products */ = {
			isa = PBXGroup;
			children = (
				940E4E002C827ACD00500ED1 /* PlaySync.app */,
			);
			name = Products;
			sourceTree = "<group>";
		};
		940E4E022C827ACD00500ED1 /* PlaySync */ = {
			isa = PBXGroup;
			children = (
				940E4E032C827ACD00500ED1 /* PlaySyncApp.swift */,
				940E4E052C827ACD00500ED1 /* ContentBrowser.swift */,
				940E4E332C8282C400500ED1 /* APIManager.swift */,
				940E4E2D2C827E8900500ED1 /* HeroHeaderView.swift */,
				940E4E312C827F0500500ED1 /* Asset.swift */,
				940E4E352C82978300500ED1 /* PlayerView.swift */,
				940E4E372C83986F00500ED1 /* ThumbnailGenerator.swift */,
				940E4E072C827AD000500ED1 /* Assets.xcassets */,
				940E4E092C827AD000500ED1 /* Preview Content */,
			);
			path = PlaySync;
			sourceTree = "<group>";
		};
		940E4E092C827AD000500ED1 /* Preview Content */ = {
			isa = PBXGroup;
			children = (
				940E4E0A2C827AD000500ED1 /* Preview Assets.xcassets */,
			);
			path = "Preview Content";
			sourceTree = "<group>";
		};
		B0B17A3D222738CED9BA7762 /* Pods */ = {
			isa = PBXGroup;
			children = (
				AA6024D5DA29F97DBDA4E8B6 /* Pods-PlaySync.debug.xcconfig */,
				6EA590A1E8F9572C8C4F3F5A /* Pods-PlaySync.release.xcconfig */,
				FBE8D23DBC40DD886EB5CA64 /* Pods-PlaySync-PlaySyncUITests.debug.xcconfig */,
				7BDF25750A2290763D581A96 /* Pods-PlaySync-PlaySyncUITests.release.xcconfig */,
				CE3DADCCC46DBD7F7BA38AF6 /* Pods-PlaySyncTests.debug.xcconfig */,
				39CF85B5AB89187B680C45EA /* Pods-PlaySyncTests.release.xcconfig */,
			);
			path = Pods;
			sourceTree = "<group>";
		};
		CAFEDE1BF14D6AC3C532C560 /* Frameworks */ = {
			isa = PBXGroup;
			children = (
				161752EE597EE97850F8C834 /* Pods_PlaySync.framework */,
				DC31BCFECA3EE6747AB32542 /* Pods_PlaySync_PlaySyncUITests.framework */,
				8953754CCDEFD52E86EC2005 /* Pods_PlaySyncTests.framework */,
			);
			name = Frameworks;
			sourceTree = "<group>";
		};
/* End PBXGroup section */

/* Begin PBXNativeTarget section */
		940E4DFF2C827ACD00500ED1 /* PlaySync */ = {
			isa = PBXNativeTarget;
			buildConfigurationList = 940E4E242C827AD000500ED1 /* Build configuration list for PBXNativeTarget "PlaySync" */;
			buildPhases = (
				8BCA205DC6F3805DB202297F /* [CP] Check Pods Manifest.lock */,
				940E4DFC2C827ACD00500ED1 /* Sources */,
				940E4DFD2C827ACD00500ED1 /* Frameworks */,
				940E4DFE2C827ACD00500ED1 /* Resources */,
				9E7113C9C2B33EDBC4551BCE /* [CP] Embed Pods Frameworks */,
			);
			buildRules = (
			);
			dependencies = (
			);
			name = PlaySync;
			productName = PlaySync;
			productReference = 940E4E002C827ACD00500ED1 /* PlaySync.app */;
			productType = "com.apple.product-type.application";
		};
/* End PBXNativeTarget section */

/* Begin PBXProject section */
		940E4DF82C827ACD00500ED1 /* Project object */ = {
			isa = PBXProject;
			attributes = {
				BuildIndependentTargetsInParallel = 1;
				LastSwiftUpdateCheck = 1540;
				LastUpgradeCheck = 1540;
				TargetAttributes = {
					940E4DFF2C827ACD00500ED1 = {
						CreatedOnToolsVersion = 15.4;
					};
				};
			};
			buildConfigurationList = 940E4DFB2C827ACD00500ED1 /* Build configuration list for PBXProject "PlaySync" */;
			compatibilityVersion = "Xcode 14.0";
			developmentRegion = en;
			hasScannedForEncodings = 0;
			knownRegions = (
				en,
				Base,
			);
			mainGroup = 940E4DF72C827ACD00500ED1;
			productRefGroup = 940E4E012C827ACD00500ED1 /* Products */;
			projectDirPath = "";
			projectRoot = "";
			targets = (
				940E4DFF2C827ACD00500ED1 /* PlaySync */,
			);
		};
/* End PBXProject section */

/* Begin PBXResourcesBuildPhase section */
		940E4DFE2C827ACD00500ED1 /* Resources */ = {
			isa = PBXResourcesBuildPhase;
			buildActionMask = 2147483647;
			files = (
				940E4E0B2C827AD000500ED1 /* Preview Assets.xcassets in Resources */,
				940E4E082C827AD000500ED1 /* Assets.xcassets in Resources */,
			);
			runOnlyForDeploymentPostprocessing = 0;
		};
/* End PBXResourcesBuildPhase section */

/* Begin PBXShellScriptBuildPhase section */
		8BCA205DC6F3805DB202297F /* [CP] Check Pods Manifest.lock */ = {
			isa = PBXShellScriptBuildPhase;
			buildActionMask = 2147483647;
			files = (
			);
			inputFileListPaths = (
			);
			inputPaths = (
				"${PODS_PODFILE_DIR_PATH}/Podfile.lock",
				"${PODS_ROOT}/Manifest.lock",
			);
			name = "[CP] Check Pods Manifest.lock";
			outputFileListPaths = (
			);
			outputPaths = (
				"$(DERIVED_FILE_DIR)/Pods-PlaySync-checkManifestLockResult.txt",
			);
			runOnlyForDeploymentPostprocessing = 0;
			shellPath = /bin/sh;
			shellScript = "diff \"${PODS_PODFILE_DIR_PATH}/Podfile.lock\" \"${PODS_ROOT}/Manifest.lock\" > /dev/null\nif [ $? != 0 ] ; then\n    # print error to STDERR\n    echo \"error: The sandbox is not in sync with the Podfile.lock. Run 'pod install' or update your CocoaPods installation.\" >&2\n    exit 1\nfi\n# This output is used by Xcode 'outputs' to avoid re-running this script phase.\necho \"SUCCESS\" > \"${SCRIPT_OUTPUT_FILE_0}\"\n";
			showEnvVarsInLog = 0;
		};
		9E7113C9C2B33EDBC4551BCE /* [CP] Embed Pods Frameworks */ = {
			isa = PBXShellScriptBuildPhase;
			buildActionMask = 2147483647;
			files = (
			);
			inputFileListPaths = (
				"${PODS_ROOT}/Target Support Files/Pods-PlaySync/Pods-PlaySync-frameworks-${CONFIGURATION}-input-files.xcfilelist",
			);
			name = "[CP] Embed Pods Frameworks";
			outputFileListPaths = (
				"${PODS_ROOT}/Target Support Files/Pods-PlaySync/Pods-PlaySync-frameworks-${CONFIGURATION}-output-files.xcfilelist",
			);
			runOnlyForDeploymentPostprocessing = 0;
			shellPath = /bin/sh;
			shellScript = "\"${PODS_ROOT}/Target Support Files/Pods-PlaySync/Pods-PlaySync-frameworks.sh\"\n";
			showEnvVarsInLog = 0;
		};
/* End PBXShellScriptBuildPhase section */

/* Begin PBXSourcesBuildPhase section */
		940E4DFC2C827ACD00500ED1 /* Sources */ = {
			isa = PBXSourcesBuildPhase;
			buildActionMask = 2147483647;
			files = (
				940E4E342C8282C400500ED1 /* APIManager.swift in Sources */,
				940E4E382C83986F00500ED1 /* ThumbnailGenerator.swift in Sources */,
				940E4E062C827ACD00500ED1 /* ContentBrowser.swift in Sources */,
				940E4E362C82978300500ED1 /* PlayerView.swift in Sources */,
				940E4E322C827F0500500ED1 /* Asset.swift in Sources */,
				940E4E2E2C827E8900500ED1 /* HeroHeaderView.swift in Sources */,
				940E4E042C827ACD00500ED1 /* PlaySyncApp.swift in Sources */,
			);
			runOnlyForDeploymentPostprocessing = 0;
		};
/* End PBXSourcesBuildPhase section */

/* Begin XCBuildConfiguration section */
		940E4E222C827AD000500ED1 /* Debug */ = {
			isa = XCBuildConfiguration;
			buildSettings = {
				ALWAYS_SEARCH_USER_PATHS = NO;
				ASSETCATALOG_COMPILER_GENERATE_SWIFT_ASSET_SYMBOL_EXTENSIONS = YES;
				CLANG_ANALYZER_NONNULL = YES;
				CLANG_ANALYZER_NUMBER_OBJECT_CONVERSION = YES_AGGRESSIVE;
				CLANG_CXX_LANGUAGE_STANDARD = "gnu++20";
				CLANG_ENABLE_MODULES = YES;
				CLANG_ENABLE_OBJC_ARC = YES;
				CLANG_ENABLE_OBJC_WEAK = YES;
				CLANG_WARN_BLOCK_CAPTURE_AUTORELEASING = YES;
				CLANG_WARN_BOOL_CONVERSION = YES;
				CLANG_WARN_COMMA = YES;
				CLANG_WARN_CONSTANT_CONVERSION = YES;
				CLANG_WARN_DEPRECATED_OBJC_IMPLEMENTATIONS = YES;
				CLANG_WARN_DIRECT_OBJC_ISA_USAGE = YES_ERROR;
				CLANG_WARN_DOCUMENTATION_COMMENTS = YES;
				CLANG_WARN_EMPTY_BODY = YES;
				CLANG_WARN_ENUM_CONVERSION = YES;
				CLANG_WARN_INFINITE_RECURSION = YES;
				CLANG_WARN_INT_CONVERSION = YES;
				CLANG_WARN_NON_LITERAL_NULL_CONVERSION = YES;
				CLANG_WARN_OBJC_IMPLICIT_RETAIN_SELF = YES;
				CLANG_WARN_OBJC_LITERAL_CONVERSION = YES;
				CLANG_WARN_OBJC_ROOT_CLASS = YES_ERROR;
				CLANG_WARN_QUOTED_INCLUDE_IN_FRAMEWORK_HEADER = YES;
				CLANG_WARN_RANGE_LOOP_ANALYSIS = YES;
				CLANG_WARN_STRICT_PROTOTYPES = YES;
				CLANG_WARN_SUSPICIOUS_MOVE = YES;
				CLANG_WARN_UNGUARDED_AVAILABILITY = YES_AGGRESSIVE;
				CLANG_WARN_UNREACHABLE_CODE = YES;
				CLANG_WARN__DUPLICATE_METHOD_MATCH = YES;
				COPY_PHASE_STRIP = NO;
				DEBUG_INFORMATION_FORMAT = dwarf;
				ENABLE_STRICT_OBJC_MSGSEND = YES;
				ENABLE_TESTABILITY = YES;
				ENABLE_USER_SCRIPT_SANDBOXING = YES;
				GCC_C_LANGUAGE_STANDARD = gnu17;
				GCC_DYNAMIC_NO_PIC = NO;
				GCC_NO_COMMON_BLOCKS = YES;
				GCC_OPTIMIZATION_LEVEL = 0;
				GCC_PREPROCESSOR_DEFINITIONS = (
					"DEBUG=1",
					"$(inherited)",
				);
				GCC_WARN_64_TO_32_BIT_CONVERSION = YES;
				GCC_WARN_ABOUT_RETURN_TYPE = YES_ERROR;
				GCC_WARN_UNDECLARED_SELECTOR = YES;
				GCC_WARN_UNINITIALIZED_AUTOS = YES_AGGRESSIVE;
				GCC_WARN_UNUSED_FUNCTION = YES;
				GCC_WARN_UNUSED_VARIABLE = YES;
				IPHONEOS_DEPLOYMENT_TARGET = 17.5;
				LOCALIZATION_PREFERS_STRING_CATALOGS = YES;
				MTL_ENABLE_DEBUG_INFO = INCLUDE_SOURCE;
				MTL_FAST_MATH = YES;
				ONLY_ACTIVE_ARCH = YES;
				SDKROOT = appletvos;
				SWIFT_ACTIVE_COMPILATION_CONDITIONS = "DEBUG $(inherited)";
				SWIFT_OPTIMIZATION_LEVEL = "-Onone";
				TVOS_DEPLOYMENT_TARGET = 17.5;
			};
			name = Debug;
		};
		940E4E232C827AD000500ED1 /* Release */ = {
			isa = XCBuildConfiguration;
			buildSettings = {
				ALWAYS_SEARCH_USER_PATHS = NO;
				ASSETCATALOG_COMPILER_GENERATE_SWIFT_ASSET_SYMBOL_EXTENSIONS = YES;
				CLANG_ANALYZER_NONNULL = YES;
				CLANG_ANALYZER_NUMBER_OBJECT_CONVERSION = YES_AGGRESSIVE;
				CLANG_CXX_LANGUAGE_STANDARD = "gnu++20";
				CLANG_ENABLE_MODULES = YES;
				CLANG_ENABLE_OBJC_ARC = YES;
				CLANG_ENABLE_OBJC_WEAK = YES;
				CLANG_WARN_BLOCK_CAPTURE_AUTORELEASING = YES;
				CLANG_WARN_BOOL_CONVERSION = YES;
				CLANG_WARN_COMMA = YES;
				CLANG_WARN_CONSTANT_CONVERSION = YES;
				CLANG_WARN_DEPRECATED_OBJC_IMPLEMENTATIONS = YES;
				CLANG_WARN_DIRECT_OBJC_ISA_USAGE = YES_ERROR;
				CLANG_WARN_DOCUMENTATION_COMMENTS = YES;
				CLANG_WARN_EMPTY_BODY = YES;
				CLANG_WARN_ENUM_CONVERSION = YES;
				CLANG_WARN_INFINITE_RECURSION = YES;
				CLANG_WARN_INT_CONVERSION = YES;
				CLANG_WARN_NON_LITERAL_NULL_CONVERSION = YES;
				CLANG_WARN_OBJC_IMPLICIT_RETAIN_SELF = YES;
				CLANG_WARN_OBJC_LITERAL_CONVERSION = YES;
				CLANG_WARN_OBJC_ROOT_CLASS = YES_ERROR;
				CLANG_WARN_QUOTED_INCLUDE_IN_FRAMEWORK_HEADER = YES;
				CLANG_WARN_RANGE_LOOP_ANALYSIS = YES;
				CLANG_WARN_STRICT_PROTOTYPES = YES;
				CLANG_WARN_SUSPICIOUS_MOVE = YES;
				CLANG_WARN_UNGUARDED_AVAILABILITY = YES_AGGRESSIVE;
				CLANG_WARN_UNREACHABLE_CODE = YES;
				CLANG_WARN__DUPLICATE_METHOD_MATCH = YES;
				COPY_PHASE_STRIP = NO;
				DEBUG_INFORMATION_FORMAT = "dwarf-with-dsym";
				ENABLE_NS_ASSERTIONS = NO;
				ENABLE_STRICT_OBJC_MSGSEND = YES;
				ENABLE_USER_SCRIPT_SANDBOXING = YES;
				GCC_C_LANGUAGE_STANDARD = gnu17;
				GCC_NO_COMMON_BLOCKS = YES;
				GCC_WARN_64_TO_32_BIT_CONVERSION = YES;
				GCC_WARN_ABOUT_RETURN_TYPE = YES_ERROR;
				GCC_WARN_UNDECLARED_SELECTOR = YES;
				GCC_WARN_UNINITIALIZED_AUTOS = YES_AGGRESSIVE;
				GCC_WARN_UNUSED_FUNCTION = YES;
				GCC_WARN_UNUSED_VARIABLE = YES;
				IPHONEOS_DEPLOYMENT_TARGET = 17.5;
				LOCALIZATION_PREFERS_STRING_CATALOGS = YES;
				MTL_ENABLE_DEBUG_INFO = NO;
				MTL_FAST_MATH = YES;
				SDKROOT = appletvos;
				SWIFT_COMPILATION_MODE = wholemodule;
				TVOS_DEPLOYMENT_TARGET = 17.5;
				VALIDATE_PRODUCT = YES;
			};
			name = Release;
		};
		940E4E252C827AD000500ED1 /* Debug */ = {
			isa = XCBuildConfiguration;
			baseConfigurationReference = AA6024D5DA29F97DBDA4E8B6 /* Pods-PlaySync.debug.xcconfig */;
			buildSettings = {
				ASSETCATALOG_COMPILER_APPICON_NAME = "App Icon & Top Shelf Image";
				ASSETCATALOG_COMPILER_GLOBAL_ACCENT_COLOR_NAME = AccentColor;
				CODE_SIGN_STYLE = Automatic;
				CURRENT_PROJECT_VERSION = 10000;
				DEVELOPMENT_ASSET_PATHS = "\"PlaySync/Preview Content\"";
				DEVELOPMENT_TEAM = AL6H9GEC6N;
				ENABLE_PREVIEWS = YES;
				ENABLE_USER_SCRIPT_SANDBOXING = NO;
				GENERATE_INFOPLIST_FILE = YES;
				INFOPLIST_KEY_CFBundleDisplayName = "Play Sync";
				INFOPLIST_KEY_LSApplicationCategoryType = "public.app-category.video";
				INFOPLIST_KEY_UILaunchScreen_Generation = YES;
				INFOPLIST_KEY_UIUserInterfaceStyle = Automatic;
				LD_RUNPATH_SEARCH_PATHS = (
					"$(inherited)",
					"@executable_path/Frameworks",
				);
				MARKETING_VERSION = 1.0.0;
				PRODUCT_BUNDLE_IDENTIFIER = "com.rybel-llc.PlaySync";
				PRODUCT_NAME = "$(TARGET_NAME)";
				SUPPORTED_PLATFORMS = "appletvos appletvsimulator";
				SUPPORTS_MACCATALYST = NO;
				SWIFT_EMIT_LOC_STRINGS = YES;
				SWIFT_VERSION = 5.0;
				TARGETED_DEVICE_FAMILY = 3;
			};
			name = Debug;
		};
		940E4E262C827AD000500ED1 /* Release */ = {
			isa = XCBuildConfiguration;
			baseConfigurationReference = 6EA590A1E8F9572C8C4F3F5A /* Pods-PlaySync.release.xcconfig */;
			buildSettings = {
				ASSETCATALOG_COMPILER_APPICON_NAME = "App Icon & Top Shelf Image";
				ASSETCATALOG_COMPILER_GLOBAL_ACCENT_COLOR_NAME = AccentColor;
				CODE_SIGN_STYLE = Automatic;
				CURRENT_PROJECT_VERSION = 10000;
				DEVELOPMENT_ASSET_PATHS = "\"PlaySync/Preview Content\"";
				DEVELOPMENT_TEAM = AL6H9GEC6N;
				ENABLE_PREVIEWS = YES;
				ENABLE_USER_SCRIPT_SANDBOXING = NO;
				GENERATE_INFOPLIST_FILE = YES;
				INFOPLIST_KEY_CFBundleDisplayName = "Play Sync";
				INFOPLIST_KEY_LSApplicationCategoryType = "public.app-category.video";
				INFOPLIST_KEY_UILaunchScreen_Generation = YES;
				INFOPLIST_KEY_UIUserInterfaceStyle = Automatic;
				LD_RUNPATH_SEARCH_PATHS = (
					"$(inherited)",
					"@executable_path/Frameworks",
				);
				MARKETING_VERSION = 1.0.0;
				PRODUCT_BUNDLE_IDENTIFIER = "com.rybel-llc.PlaySync";
				PRODUCT_NAME = "$(TARGET_NAME)";
				SUPPORTED_PLATFORMS = "appletvos appletvsimulator";
				SUPPORTS_MACCATALYST = NO;
				SWIFT_EMIT_LOC_STRINGS = YES;
				SWIFT_VERSION = 5.0;
				TARGETED_DEVICE_FAMILY = 3;
			};
			name = Release;
		};
/* End XCBuildConfiguration section */

/* Begin XCConfigurationList section */
		940E4DFB2C827ACD00500ED1 /* Build configuration list for PBXProject "PlaySync" */ = {
			isa = XCConfigurationList;
			buildConfigurations = (
				940E4E222C827AD000500ED1 /* Debug */,
				940E4E232C827AD000500ED1 /* Release */,
			);
			defaultConfigurationIsVisible = 0;
			defaultConfigurationName = Release;
		};
		940E4E242C827AD000500ED1 /* Build configuration list for PBXNativeTarget "PlaySync" */ = {
			isa = XCConfigurationList;
			buildConfigurations = (
				940E4E252C827AD000500ED1 /* Debug */,
				940E4E262C827AD000500ED1 /* Release */,
			);
			defaultConfigurationIsVisible = 0;
			defaultConfigurationName = Release;
		};
/* End XCConfigurationList section */
	};
	rootObject = 940E4DF82C827ACD00500ED1 /* Project object */;
}
